
Microsoft Visual Studio Solution File, Format Version 12.00
# Visual Studio 15
Project("{FAE04EC0-301F-11D3-BF4B-00C04F79EFBC}") = "Assembly-CSharp-firstpass", "Assembly-CSharp-firstpass.csproj", "{C16A0F96-EDFB-20FA-6AE6-3C83F0C37004}"
EndProject
Project("{FAE04EC0-301F-11D3-BF4B-00C04F79EFBC}") = "Assembly-CSharp", "Assembly-CSharp.csproj", "{74027454-D123-2DCE-A79D-E8E672730381}"
EndProject
Project("{FAE04EC0-301F-11D3-BF4B-00C04F79EFBC}") = "Assembly-CSharp-Editor-firstpass", "Assembly-CSharp-Editor-firstpass.csproj", "{7F4D7954-D976-2DB1-A980-7BBB52E854EE}"
EndProject
Global
	GlobalSection(SolutionConfigurationPlatforms) = preSolution
		Debug|Any CPU = Debug|Any CPU
		Release|Any CPU = Release|Any CPU
	EndGlobalSection
	GlobalSection(ProjectConfigurationPlatforms) = postSolution
		{C16A0F96-EDFB-20FA-6AE6-3C83F0C37004}.Debug|Any CPU.ActiveCfg = Debug|Any CPU
		{C16A0F96-EDFB-20FA-6AE6-3C83F0C37004}.Debug|Any CPU.Build.0 = Debug|Any CPU
		{C16A0F96-EDFB-20FA-6AE6-3C83F0C37004}.Release|Any CPU.ActiveCfg = Release|Any CPU
		{C16A0F96-EDFB-20FA-6AE6-3C83F0C37004}.Release|Any CPU.Build.0 = Release|Any CPU
		{74027454-D123-2DCE-A79D-E8E672730381}.Debug|Any CPU.ActiveCfg = Debug|Any CPU
		{74027454-D123-2DCE-A79D-E8E672730381}.Debug|Any CPU.Build.0 = Debug|Any CPU
		{74027454-D123-2DCE-A79D-E8E672730381}.Release|Any CPU.ActiveCfg = Release|Any CPU
		{74027454-D123-2DCE-A79D-E8E672730381}.Release|Any CPU.Build.0 = Release|Any CPU
		{7F4D7954-D976-2DB1-A980-7BBB52E854EE}.Debug|Any CPU.ActiveCfg = Debug|Any CPU
		{7F4D7954-D976-2DB1-A980-7BBB52E854EE}.Debug|Any CPU.Build.0 = Debug|Any CPU
		{7F4D7954-D976-2DB1-A980-7BBB52E854EE}.Release|Any CPU.ActiveCfg = Release|Any CPU
		{7F4D7954-D976-2DB1-A980-7BBB52E854EE}.Release|Any CPU.Build.0 = Release|Any CPU
	EndGlobalSection
	GlobalSection(SolutionProperties) = preSolution
		HideSolutionNode = FALSE
	EndGlobalSection
EndGlobal
